<?xml version="1.0" encoding="utf-8"?>
<Project ToolsVersion="4.0" xmlns="http://schemas.microsoft.com/developer/msbuild/2003">
  <ItemGroup>
    <Filter Include="Source Files">
      <UniqueIdentifier>{4FC737F1-C7A5-4376-A066-2A32D752A2FF}</UniqueIdentifier>
      <Extensions>cpp;c;cc;cxx;def;odl;idl;hpj;bat;asm;asmx</Extensions>
    </Filter>
    <Filter Include="Header Files">
      <UniqueIdentifier>{93995380-89BD-4b04-88EB-625FBE52EBFB}</UniqueIdentifier>
      <Extensions>h;hh;hpp;hxx;hm;inl;inc;xsd</Extensions>
    </Filter>
    <Filter Include="Resource Files">
      <UniqueIdentifier>{67DA6AB6-F800-4c08-8B7A-83BB121AAD01}</UniqueIdentifier>
      <Extensions>rc;ico;cur;bmp;dlg;rc2;rct;bin;rgs;gif;jpg;jpeg;jpe;resx;tiff;tif;png;wav;mfcribbon-ms</Extensions>
    </Filter>
    <Filter Include="Test Files">
      <UniqueIdentifier>{ffa69553-526c-421d-8318-5a3e1bc725b6}</UniqueIdentifier>
    </Filter>
    <Filter Include="Test Files\test_management">
      <UniqueIdentifier>{6e5f415c-513e-4c66-9597-35fe21e011c3}</UniqueIdentifier>
    </Filter>
    <Filter Include="Source Files\file_system">
      <UniqueIdentifier>{b9b7ed1b-fe53-4400-aa21-37b97b5cdf5c}</UniqueIdentifier>
    </Filter>
    <Filter Include="Source Files\image">
      <UniqueIdentifier>{4e021742-2d1f-440d-b57e-c7645047565c}</UniqueIdentifier>
    </Filter>
    <Filter Include="Test Files\tests">
      <UniqueIdentifier>{e1cbc944-b7e1-40bf-a78f-becb1f8e5ecf}</UniqueIdentifier>
    </Filter>
    <Filter Include="Source Files\ray_tracer">
      <UniqueIdentifier>{447159bf-02c9-4bff-afb3-e225c0dbe567}</UniqueIdentifier>
    </Filter>
    <Filter Include="Source Files\ray_tracer\interface">
      <UniqueIdentifier>{0f027463-73e9-4408-9b7d-e021a3a7fafc}</UniqueIdentifier>
    </Filter>
    <Filter Include="Test Files\tests\interface">
      <UniqueIdentifier>{42f1f2ce-e72b-4d7b-8448-7902c458f279}</UniqueIdentifier>
    </Filter>
    <Filter Include="Source Files\ray_tracer\ray">
      <UniqueIdentifier>{6953c372-4077-43be-8684-6b5c1823a048}</UniqueIdentifier>
    </Filter>
    <Filter Include="Test Files\tests\headers">
      <UniqueIdentifier>{ada4bd32-daec-474c-a6a1-d636dcebdd04}</UniqueIdentifier>
    </Filter>
    <Filter Include="Test Files\test_management\headers">
      <UniqueIdentifier>{33f820fd-451c-4d7b-901d-612c7a444651}</UniqueIdentifier>
    </Filter>
    <Filter Include="Source Files\file_system\headers">
      <UniqueIdentifier>{f225ced9-ab8e-4415-ab44-61d6f806915a}</UniqueIdentifier>
    </Filter>
    <Filter Include="Source Files\image\headers">
      <UniqueIdentifier>{ea989b42-c064-4fa1-ad2b-750b2dc98fd6}</UniqueIdentifier>
    </Filter>
    <Filter Include="Source Files\ray_tracer\ray\headers">
      <UniqueIdentifier>{1851da12-4df1-4385-8a47-f47f7a5fe103}</UniqueIdentifier>
    </Filter>
    <Filter Include="Source Files\ray_tracer\headers">
      <UniqueIdentifier>{44ac35b5-e71c-42f4-8afe-a521972992d5}</UniqueIdentifier>
    </Filter>
    <Filter Include="Source Files\util">
      <UniqueIdentifier>{b374d5b4-1fc2-49bc-923b-eae062a0d02f}</UniqueIdentifier>
    </Filter>
    <Filter Include="Source Files\util\headers">
      <UniqueIdentifier>{b16197da-8b87-4098-98dc-2d7dc407a912}</UniqueIdentifier>
    </Filter>
    <Filter Include="Source Files\exception">
      <UniqueIdentifier>{e170b149-bf41-44e7-bd39-46245797d3bc}</UniqueIdentifier>
    </Filter>
    <Filter Include="Source Files\exception\header">
      <UniqueIdentifier>{fc30a1c0-0587-4c4e-bf46-a197f8e7c40a}</UniqueIdentifier>
    </Filter>
    <Filter Include="Source Files\scene">
      <UniqueIdentifier>{9549c8f3-743b-46e9-9d4f-5dc0594d1508}</UniqueIdentifier>
    </Filter>
    <Filter Include="Source Files\scene\shape">
      <UniqueIdentifier>{9877580f-afde-424b-875c-2ed73d999b83}</UniqueIdentifier>
    </Filter>
    <Filter Include="Source Files\scene\shape\headers">
      <UniqueIdentifier>{0d26fb8d-43b5-4580-b177-1e84100f968d}</UniqueIdentifier>
    </Filter>
    <Filter Include="Source Files\scene\camera">
      <UniqueIdentifier>{081146ef-fcb5-4c90-83ce-fcb6a99ff9c5}</UniqueIdentifier>
    </Filter>
    <Filter Include="Source Files\scene\camera\headers">
      <UniqueIdentifier>{0b5fcdaa-28a2-4240-a64c-258eeb2cff67}</UniqueIdentifier>
    </Filter>
    <Filter Include="Source Files\scene\headers">
      <UniqueIdentifier>{77291dfd-0356-4d99-9278-4a2effaa6ee3}</UniqueIdentifier>
    </Filter>
    <Filter Include="Source Files\scene\controller">
      <UniqueIdentifier>{a540cec4-155a-4988-9591-2057abbd8d00}</UniqueIdentifier>
    </Filter>
  </ItemGroup>
  <ItemGroup>
    <Text Include="ReadMe.txt" />
  </ItemGroup>
  <ItemGroup>
    <ClInclude Include="stdafx.h">
      <Filter>Header Files</Filter>
    </ClInclude>
    <ClInclude Include="targetver.h">
      <Filter>Header Files</Filter>
    </ClInclude>
    <ClInclude Include="resource.h">
      <Filter>Header Files</Filter>
    </ClInclude>
    <ClInclude Include="IRayTracer.h">
      <Filter>Source Files\ray_tracer\interface</Filter>
    </ClInclude>
    <ClInclude Include="ITest.h">
      <Filter>Test Files\tests\interface</Filter>
    </ClInclude>
    <ClInclude Include="CameraViewTest.h">
      <Filter>Test Files\tests\headers</Filter>
    </ClInclude>
    <ClInclude Include="ColorTest.h">
      <Filter>Test Files\tests\headers</Filter>
    </ClInclude>
    <ClInclude Include="ImageBufferTest.h">
      <Filter>Test Files\tests\headers</Filter>
    </ClInclude>
    <ClInclude Include="Vec3Test.h">
      <Filter>Test Files\tests\headers</Filter>
    </ClInclude>
    <ClInclude Include="Test.h">
      <Filter>Test Files\tests\headers</Filter>
    </ClInclude>
    <ClInclude Include="TestFactory.h">
      <Filter>Test Files\test_management\headers</Filter>
    </ClInclude>
    <ClInclude Include="TestManager.h">
      <Filter>Test Files\test_management\headers</Filter>
    </ClInclude>
    <ClInclude Include="Camera.h">
      <Filter>Source Files\scene\camera\headers</Filter>
    </ClInclude>
    <ClInclude Include="CameraView.h">
      <Filter>Source Files\scene\camera\headers</Filter>
    </ClInclude>
    <ClInclude Include="FileSystem.h">
      <Filter>Source Files\file_system\headers</Filter>
    </ClInclude>
    <ClInclude Include="Color.h">
      <Filter>Source Files\image\headers</Filter>
    </ClInclude>
    <ClInclude Include="ImageBuffer.h">
      <Filter>Source Files\image\headers</Filter>
    </ClInclude>
    <ClInclude Include="MathUtil.h">
      <Filter>Source Files\util\headers</Filter>
    </ClInclude>
    <ClInclude Include="Ray.h">
      <Filter>Source Files\ray_tracer\ray\headers</Filter>
    </ClInclude>
    <ClInclude Include="RayTracer.h">
      <Filter>Source Files\ray_tracer\headers</Filter>
    </ClInclude>
    <ClInclude Include="Triangle.h">
      <Filter>Source Files\scene\shape\headers</Filter>
    </ClInclude>
    <ClInclude Include="Sphere.h">
      <Filter>Source Files\scene\shape\headers</Filter>
    </ClInclude>
    <ClInclude Include="Shape.h">
      <Filter>Source Files\scene\shape\headers</Filter>
    </ClInclude>
    <ClInclude Include="RayUtil.h">
      <Filter>Source Files\util\headers</Filter>
    </ClInclude>
    <ClInclude Include="RayUtilTest.h">
      <Filter>Test Files\tests\headers</Filter>
    </ClInclude>
    <ClInclude Include="ShapeUtil.h">
      <Filter>Source Files\util\headers</Filter>
    </ClInclude>
    <ClInclude Include="MathUtilTest.h">
      <Filter>Test Files\tests\headers</Filter>
    </ClInclude>
    <ClInclude Include="ShapeUtilTest.h">
      <Filter>Test Files\tests\headers</Filter>
    </ClInclude>
    <ClInclude Include="Vec3Util.h">
      <Filter>Source Files\util\headers</Filter>
    </ClInclude>
    <ClInclude Include="ImageBufferException.h">
      <Filter>Source Files\exception\header</Filter>
    </ClInclude>
    <ClInclude Include="ShapeException.h">
      <Filter>Source Files\exception\header</Filter>
    </ClInclude>
    <ClInclude Include="ShapeTest.h">
      <Filter>Test Files\tests\headers</Filter>
    </ClInclude>
    <ClInclude Include="FileSystemTest.h">
      <Filter>Test Files\tests\headers</Filter>
    </ClInclude>
    <ClInclude Include="SceneObject.h">
      <Filter>Source Files\scene\headers</Filter>
    </ClInclude>
  </ItemGroup>
  <ItemGroup>
    <ClCompile Include="stdafx.cpp">
      <Filter>Source Files</Filter>
    </ClCompile>
    <ClCompile Include="driver.cpp">
      <Filter>Source Files</Filter>
    </ClCompile>
    <ClCompile Include="TestFactory.cpp">
      <Filter>Test Files\test_management</Filter>
    </ClCompile>
    <ClCompile Include="TestManager.cpp">
      <Filter>Test Files\test_management</Filter>
    </ClCompile>
    <ClCompile Include="Color.cpp">
      <Filter>Source Files\image</Filter>
    </ClCompile>
    <ClCompile Include="ImageBuffer.cpp">
      <Filter>Source Files\image</Filter>
    </ClCompile>
    <ClCompile Include="Test.cpp">
      <Filter>Test Files\tests</Filter>
    </ClCompile>
    <ClCompile Include="Vec3Test.cpp">
      <Filter>Test Files\tests</Filter>
    </ClCompile>
    <ClCompile Include="ColorTest.cpp">
      <Filter>Test Files\tests</Filter>
    </ClCompile>
    <ClCompile Include="MathUtil.cpp">
      <Filter>Source Files\util</Filter>
    </ClCompile>
    <ClCompile Include="FileSystem.cpp">
      <Filter>Source Files\file_system</Filter>
    </ClCompile>
    <ClCompile Include="ImageBufferTest.cpp">
      <Filter>Test Files\tests</Filter>
    </ClCompile>
    <ClCompile Include="Camera.cpp">
      <Filter>Source Files\scene\camera</Filter>
    </ClCompile>
    <ClCompile Include="CameraView.cpp">
      <Filter>Source Files\scene\camera</Filter>
    </ClCompile>
    <ClCompile Include="Ray.cpp">
      <Filter>Source Files\ray_tracer\ray</Filter>
    </ClCompile>
    <ClCompile Include="CameraViewTest.cpp">
      <Filter>Test Files\tests</Filter>
    </ClCompile>
    <ClCompile Include="Triangle.cpp">
      <Filter>Source Files\scene\shape</Filter>
    </ClCompile>
    <ClCompile Include="Sphere.cpp">
      <Filter>Source Files\scene\shape</Filter>
    </ClCompile>
    <ClCompile Include="Shape.cpp">
      <Filter>Source Files\scene\shape</Filter>
    </ClCompile>
    <ClCompile Include="RayUtil.cpp">
      <Filter>Source Files\util</Filter>
    </ClCompile>
    <ClCompile Include="RayUtilTest.cpp">
      <Filter>Test Files\tests</Filter>
    </ClCompile>
    <ClCompile Include="ShapeUtil.cpp">
      <Filter>Source Files\util</Filter>
    </ClCompile>
    <ClCompile Include="MathUtilTest.cpp">
      <Filter>Test Files\tests</Filter>
    </ClCompile>
    <ClCompile Include="ShapeUtilTest.cpp">
      <Filter>Test Files\tests</Filter>
    </ClCompile>
    <ClCompile Include="Vec3Util.cpp">
      <Filter>Source Files\util</Filter>
    </ClCompile>
    <ClCompile Include="ImageBufferException.cpp">
      <Filter>Source Files\exception</Filter>
    </ClCompile>
    <ClCompile Include="ShapeException.cpp">
      <Filter>Source Files\exception</Filter>
    </ClCompile>
    <ClCompile Include="ShapeTest.cpp">
      <Filter>Test Files\tests</Filter>
    </ClCompile>
    <ClCompile Include="FileSystemTest.cpp">
      <Filter>Test Files\tests</Filter>
    </ClCompile>
  </ItemGroup>
  <ItemGroup>
    <ResourceCompile Include="RT_ETO.rc">
      <Filter>Resource Files</Filter>
    </ResourceCompile>
  </ItemGroup>
</Project>